// !$*UTF8*$!
{
	archiveVersion = 1;
	classes = {
	};
	objectVersion = 46;
	objects = {

/* Begin PBXBuildFile section */
		3FE001001C10BD4F005B48E7 /* AppDelegate.swift in Sources */ = {isa = PBXBuildFile; fileRef = 3FE000FF1C10BD4F005B48E7 /* AppDelegate.swift */; };
		3FE001021C10BD4F005B48E7 /* ViewController.swift in Sources */ = {isa = PBXBuildFile; fileRef = 3FE001011C10BD4F005B48E7 /* ViewController.swift */; };
		3FE001051C10BD4F005B48E7 /* Main.storyboard in Resources */ = {isa = PBXBuildFile; fileRef = 3FE001031C10BD4F005B48E7 /* Main.storyboard */; };
		3FE001071C10BD4F005B48E7 /* Assets.xcassets in Resources */ = {isa = PBXBuildFile; fileRef = 3FE001061C10BD4F005B48E7 /* Assets.xcassets */; };
		3FE0010A1C10BD4F005B48E7 /* LaunchScreen.storyboard in Resources */ = {isa = PBXBuildFile; fileRef = 3FE001081C10BD4F005B48E7 /* LaunchScreen.storyboard */; };
		3FE001151C10BD50005B48E7 /* FinalTests.swift in Sources */ = {isa = PBXBuildFile; fileRef = 3FE001141C10BD50005B48E7 /* FinalTests.swift */; };
		3FE001201C10BD50005B48E7 /* FinalUITests.swift in Sources */ = {isa = PBXBuildFile; fileRef = 3FE0011F1C10BD50005B48E7 /* FinalUITests.swift */; };
/* End PBXBuildFile section */

/* Begin PBXContainerItemProxy section */
		3FE001111C10BD50005B48E7 /* PBXContainerItemProxy */ = {
			isa = PBXContainerItemProxy;
			containerPortal = 3FE000F41C10BD4F005B48E7 /* Project object */;
			proxyType = 1;
			remoteGlobalIDString = 3FE000FB1C10BD4F005B48E7;
			remoteInfo = Final;
		};
		3FE0011C1C10BD50005B48E7 /* PBXContainerItemProxy */ = {
			isa = PBXContainerItemProxy;
			containerPortal = 3FE000F41C10BD4F005B48E7 /* Project object */;
			proxyType = 1;
			remoteGlobalIDString = 3FE000FB1C10BD4F005B48E7;
			remoteInfo = Final;
		};
/* End PBXContainerItemProxy section */

/* Begin PBXFileReference section */
		3FE000FC1C10BD4F005B48E7 /* Final.app */ = {isa = PBXFileReference; explicitFileType = wrapper.application; includeInIndex = 0; path = Final.app; sourceTree = BUILT_PRODUCTS_DIR; };
		3FE000FF1C10BD4F005B48E7 /* AppDelegate.swift */ = {isa = PBXFileReference; lastKnownFileType = sourcecode.swift; path = AppDelegate.swift; sourceTree = "<group>"; };
		3FE001011C10BD4F005B48E7 /* ViewController.swift */ = {isa = PBXFileReference; lastKnownFileType = sourcecode.swift; path = ViewController.swift; sourceTree = "<group>"; };
		3FE001041C10BD4F005B48E7 /* Base */ = {isa = PBXFileReference; lastKnownFileType = file.storyboard; name = Base; path = Base.lproj/Main.storyboard; sourceTree = "<group>"; };
		3FE001061C10BD4F005B48E7 /* Assets.xcassets */ = {isa = PBXFileReference; lastKnownFileType = folder.assetcatalog; path = Assets.xcassets; sourceTree = "<group>"; };
		3FE001091C10BD4F005B48E7 /* Base */ = {isa = PBXFileReference; lastKnownFileType = file.storyboard; name = Base; path = Base.lproj/LaunchScreen.storyboard; sourceTree = "<group>"; };
		3FE0010B1C10BD4F005B48E7 /* Info.plist */ = {isa = PBXFileReference; lastKnownFileType = text.plist.xml; path = Info.plist; sourceTree = "<group>"; };
		3FE001101C10BD50005B48E7 /* FinalTests.xctest */ = {isa = PBXFileReference; explicitFileType = wrapper.cfbundle; includeInIndex = 0; path = FinalTests.xctest; sourceTree = BUILT_PRODUCTS_DIR; };
		3FE001141C10BD50005B48E7 /* FinalTests.swift */ = {isa = PBXFileReference; lastKnownFileType = sourcecode.swift; path = FinalTests.swift; sourceTree = "<group>"; };
		3FE001161C10BD50005B48E7 /* Info.plist */ = {isa = PBXFileReference; lastKnownFileType = text.plist.xml; path = Info.plist; sourceTree = "<group>"; };
		3FE0011B1C10BD50005B48E7 /* FinalUITests.xctest */ = {isa = PBXFileReference; explicitFileType = wrapper.cfbundle; includeInIndex = 0; path = FinalUITests.xctest; sourceTree = BUILT_PRODUCTS_DIR; };
		3FE0011F1C10BD50005B48E7 /* FinalUITests.swift */ = {isa = PBXFileReference; lastKnownFileType = sourcecode.swift; path = FinalUITests.swift; sourceTree = "<group>"; };
		3FE001211C10BD50005B48E7 /* Info.plist */ = {isa = PBXFileReference; lastKnownFileType = text.plist.xml; path = Info.plist; sourceTree = "<group>"; };
/* End PBXFileReference section */

/* Begin PBXFrameworksBuildPhase section */
		3FE000F91C10BD4F005B48E7 /* Frameworks */ = {
			isa = PBXFrameworksBuildPhase;
			buildActionMask = 2147483647;
			files = (
			);
			runOnlyForDeploymentPostprocessing = 0;
		};
		3FE0010D1C10BD50005B48E7 /* Frameworks */ = {
			isa = PBXFrameworksBuildPhase;
			buildActionMask = 2147483647;
			files = (
			);
			runOnlyForDeploymentPostprocessing = 0;
		};
		3FE001181C10BD50005B48E7 /* Frameworks */ = {
			isa = PBXFrameworksBuildPhase;
			buildActionMask = 2147483647;
			files = (
			);
			runOnlyForDeploymentPostprocessing = 0;
		};
/* End PBXFrameworksBuildPhase section */

/* Begin PBXGroup section */
		3FE000F31C10BD4F005B48E7 = {
			isa = PBXGroup;
			children = (
				3FE000FE1C10BD4F005B48E7 /* Final */,
				3FE001131C10BD50005B48E7 /* FinalTests */,
				3FE0011E1C10BD50005B48E7 /* FinalUITests */,
				3FE000FD1C10BD4F005B48E7 /* Products */,
			);
			sourceTree = "<group>";
		};
		3FE000FD1C10BD4F005B48E7 /* Products */ = {
			isa = PBXGroup;
			children = (
				3FE000FC1C10BD4F005B48E7 /* Final.app */,
				3FE001101C10BD50005B48E7 /* FinalTests.xctest */,
				3FE0011B1C10BD50005B48E7 /* FinalUITests.xctest */,
			);
			name = Products;
			sourceTree = "<group>";
		};
		3FE000FE1C10BD4F005B48E7 /* Final */ = {
			isa = PBXGroup;
			children = (
				3FE000FF1C10BD4F005B48E7 /* AppDelegate.swift */,
				3FE001011C10BD4F005B48E7 /* ViewController.swift */,
				3FE001031C10BD4F005B48E7 /* Main.storyboard */,
				3FE001061C10BD4F005B48E7 /* Assets.xcassets */,
				3FE001081C10BD4F005B48E7 /* LaunchScreen.storyboard */,
				3FE0010B1C10BD4F005B48E7 /* Info.plist */,
			);
			path = Final;
			sourceTree = "<group>";
		};
		3FE001131C10BD50005B48E7 /* FinalTests */ = {
			isa = PBXGroup;
			children = (
				3FE001141C10BD50005B48E7 /* FinalTests.swift */,
				3FE001161C10BD50005B48E7 /* Info.plist */,
			);
			path = FinalTests;
			sourceTree = "<group>";
		};
		3FE0011E1C10BD50005B48E7 /* FinalUITests */ = {
			isa = PBXGroup;
			children = (
				3FE0011F1C10BD50005B48E7 /* FinalUITests.swift */,
				3FE001211C10BD50005B48E7 /* Info.plist */,
			);
			path = FinalUITests;
			sourceTree = "<group>";
		};
/* End PBXGroup section */

/* Begin PBXNativeTarget section */
		3FE000FB1C10BD4F005B48E7 /* Final */ = {
			isa = PBXNativeTarget;
			buildConfigurationList = 3FE001241C10BD50005B48E7 /* Build configuration list for PBXNativeTarget "Final" */;
			buildPhases = (
				3FE000F81C10BD4F005B48E7 /* Sources */,
				3FE000F91C10BD4F005B48E7 /* Frameworks */,
				3FE000FA1C10BD4F005B48E7 /* Resources */,
			);
			buildRules = (
			);
			dependencies = (
			);
			name = Final;
			productName = Final;
			productReference = 3FE000FC1C10BD4F005B48E7 /* Final.app */;
			productType = "com.apple.product-type.application";
		};
		3FE0010F1C10BD50005B48E7 /* FinalTests */ = {
			isa = PBXNativeTarget;
			buildConfigurationList = 3FE001271C10BD50005B48E7 /* Build configuration list for PBXNativeTarget "FinalTests" */;
			buildPhases = (
				3FE0010C1C10BD50005B48E7 /* Sources */,
				3FE0010D1C10BD50005B48E7 /* Frameworks */,
				3FE0010E1C10BD50005B48E7 /* Resources */,
			);
			buildRules = (
			);
			dependencies = (
				3FE001121C10BD50005B48E7 /* PBXTargetDependency */,
			);
			name = FinalTests;
			productName = FinalTests;
			productReference = 3FE001101C10BD50005B48E7 /* FinalTests.xctest */;
			productType = "com.apple.product-type.bundle.unit-test";
		};
		3FE0011A1C10BD50005B48E7 /* FinalUITests */ = {
			isa = PBXNativeTarget;
			buildConfigurationList = 3FE0012A1C10BD50005B48E7 /* Build configuration list for PBXNativeTarget "FinalUITests" */;
			buildPhases = (
				3FE001171C10BD50005B48E7 /* Sources */,
				3FE001181C10BD50005B48E7 /* Frameworks */,
				3FE001191C10BD50005B48E7 /* Resources */,
			);
			buildRules = (
			);
			dependencies = (
				3FE0011D1C10BD50005B48E7 /* PBXTargetDependency */,
			);
			name = FinalUITests;
			productName = FinalUITests;
			productReference = 3FE0011B1C10BD50005B48E7 /* FinalUITests.xctest */;
			productType = "com.apple.product-type.bundle.ui-testing";
		};
/* End PBXNativeTarget section */

/* Begin PBXProject section */
		3FE000F41C10BD4F005B48E7 /* Project object */ = {
			isa = PBXProject;
			attributes = {
				LastUpgradeCheck = 0700;
				ORGANIZATIONNAME = tmurray;
				TargetAttributes = {
					3FE000FB1C10BD4F005B48E7 = {
						CreatedOnToolsVersion = 7.0.1;
					};
					3FE0010F1C10BD50005B48E7 = {
						CreatedOnToolsVersion = 7.0.1;
						TestTargetID = 3FE000FB1C10BD4F005B48E7;
					};
					3FE0011A1C10BD50005B48E7 = {
						CreatedOnToolsVersion = 7.0.1;
						TestTargetID = 3FE000FB1C10BD4F005B48E7;
					};
				};
			};
			buildConfigurationList = 3FE000F71C10BD4F005B48E7 /* Build configuration list for PBXProject "Final" */;
			compatibilityVersion = "Xcode 3.2";
			developmentRegion = English;
			hasScannedForEncodings = 0;
			knownRegions = (
				en,
				Base,
			);
			mainGroup = 3FE000F31C10BD4F005B48E7;
			productRefGroup = 3FE000FD1C10BD4F005B48E7 /* Products */;
			projectDirPath = "";
			projectRoot = "";
			targets = (
				3FE000FB1C10BD4F005B48E7 /* Final */,
				3FE0010F1C10BD50005B48E7 /* FinalTests */,
				3FE0011A1C10BD50005B48E7 /* FinalUITests */,
			);
		};
/* End PBXProject section */

/* Begin PBXResourcesBuildPhase section */
		3FE000FA1C10BD4F005B48E7 /* Resources */ = {
			isa = PBXResourcesBuildPhase;
			buildActionMask = 2147483647;
			files = (
				3FE0010A1C10BD4F005B48E7 /* LaunchScreen.storyboard in Resources */,
				3FE001071C10BD4F005B48E7 /* Assets.xcassets in Resources */,
				3FE001051C10BD4F005B48E7 /* Main.storyboard in Resources */,
			);
			runOnlyForDeploymentPostprocessing = 0;
		};
		3FE0010E1C10BD50005B48E7 /* Resources */ = {
			isa = PBXResourcesBuildPhase;
			buildActionMask = 2147483647;
			files = (
			);
			runOnlyForDeploymentPostprocessing = 0;
		};
		3FE001191C10BD50005B48E7 /* Resources */ = {
			isa = PBXResourcesBuildPhase;
			buildActionMask = 2147483647;
			files = (
			);
			runOnlyForDeploymentPostprocessing = 0;
		};
/* End PBXResourcesBuildPhase section */

/* Begin PBXSourcesBuildPhase section */
		3FE000F81C10BD4F005B48E7 /* Sources */ = {
			isa = PBXSourcesBuildPhase;
			buildActionMask = 2147483647;
			files = (
				3FE001021C10BD4F005B48E7 /* ViewController.swift in Sources */,
				3FE001001C10BD4F005B48E7 /* AppDelegate.swift in Sources */,
			);
			runOnlyForDeploymentPostprocessing = 0;
		};
		3FE0010C1C10BD50005B48E7 /* Sources */ = {
			isa = PBXSourcesBuildPhase;
			buildActionMask = 2147483647;
			files = (
				3FE001151C10BD50005B48E7 /* FinalTests.swift in Sources */,
			);
			runOnlyForDeploymentPostprocessing = 0;
		};
		3FE001171C10BD50005B48E7 /* Sources */ = {
			isa = PBXSourcesBuildPhase;
			buildActionMask = 2147483647;
			files = (
				3FE001201C10BD50005B48E7 /* FinalUITests.swift in Sources */,
			);
			runOnlyForDeploymentPostprocessing = 0;
		};
/* End PBXSourcesBuildPhase section */

/* Begin PBXTargetDependency section */
		3FE001121C10BD50005B48E7 /* PBXTargetDependency */ = {
			isa = PBXTargetDependency;
			target = 3FE000FB1C10BD4F005B48E7 /* Final */;
			targetProxy = 3FE001111C10BD50005B48E7 /* PBXContainerItemProxy */;
		};
		3FE0011D1C10BD50005B48E7 /* PBXTargetDependency */ = {
			isa = PBXTargetDependency;
			target = 3FE000FB1C10BD4F005B48E7 /* Final */;
			targetProxy = 3FE0011C1C10BD50005B48E7 /* PBXContainerItemProxy */;
		};
/* End PBXTargetDependency section */

/* Begin PBXVariantGroup section */
		3FE001031C10BD4F005B48E7 /* Main.storyboard */ = {
			isa = PBXVariantGroup;
			children = (
				3FE001041C10BD4F005B48E7 /* Base */,
			);
			name = Main.storyboard;
			sourceTree = "<group>";
		};
		3FE001081C10BD4F005B48E7 /* LaunchScreen.storyboard */ = {
			isa = PBXVariantGroup;
			children = (
				3FE001091C10BD4F005B48E7 /* Base */,
			);
			name = LaunchScreen.storyboard;
			sourceTree = "<group>";
		};
/* End PBXVariantGroup section */

/* Begin XCBuildConfiguration section */
		3FE001221C10BD50005B48E7 /* Debug */ = {
			isa = XCBuildConfiguration;
			buildSettings = {
				ALWAYS_SEARCH_USER_PATHS = NO;
				CLANG_CXX_LANGUAGE_STANDARD = "gnu++0x";
				CLANG_CXX_LIBRARY = "libc++";
				CLANG_ENABLE_MODULES = YES;
				CLANG_ENABLE_OBJC_ARC = YES;
				CLANG_WARN_BOOL_CONVERSION = YES;
				CLANG_WARN_CONSTANT_CONVERSION = YES;
				CLANG_WARN_DIRECT_OBJC_ISA_USAGE = YES_ERROR;
				CLANG_WARN_EMPTY_BODY = YES;
				CLANG_WARN_ENUM_CONVERSION = YES;
				CLANG_WARN_INT_CONVERSION = YES;
				CLANG_WARN_OBJC_ROOT_CLASS = YES_ERROR;
				CLANG_WARN_UNREACHABLE_CODE = YES;
				CLANG_WARN__DUPLICATE_METHOD_MATCH = YES;
				"CODE_SIGN_IDENTITY[sdk=iphoneos*]" = "iPhone Developer";
				COPY_PHASE_STRIP = NO;
				DEBUG_INFORMATION_FORMAT = dwarf;
				ENABLE_STRICT_OBJC_MSGSEND = YES;
				ENABLE_TESTABILITY = YES;
				GCC_C_LANGUAGE_STANDARD = gnu99;
				GCC_DYNAMIC_NO_PIC = NO;
				GCC_NO_COMMON_BLOCKS = YES;
				GCC_OPTIMIZATION_LEVEL = 0;
				GCC_PREPROCESSOR_DEFINITIONS = (
					"DEBUG=1",
					"$(inherited)",
				);
				GCC_WARN_64_TO_32_BIT_CONVERSION = YES;
				GCC_WARN_ABOUT_RETURN_TYPE = YES_ERROR;
				GCC_WARN_UNDECLARED_SELECTOR = YES;
				GCC_WARN_UNINITIALIZED_AUTOS = YES_AGGRESSIVE;
				GCC_WARN_UNUSED_FUNCTION = YES;
				GCC_WARN_UNUSED_VARIABLE = YES;
				IPHONEOS_DEPLOYMENT_TARGET = 9.0;
				MTL_ENABLE_DEBUG_INFO = YES;
				ONLY_ACTIVE_ARCH = YES;
				SDKROOT = iphoneos;
				SWIFT_OPTIMIZATION_LEVEL = "-Onone";
				TARGETED_DEVICE_FAMILY = "1,2";
			};
			name = Debug;
		};
		3FE001231C10BD50005B48E7 /* Release */ = {
			isa = XCBuildConfiguration;
			buildSettings = {
				ALWAYS_SEARCH_USER_PATHS = NO;
				CLANG_CXX_LANGUAGE_STANDARD = "gnu++0x";
				CLANG_CXX_LIBRARY = "libc++";
				CLANG_ENABLE_MODULES = YES;
				CLANG_ENABLE_OBJC_ARC = YES;
				CLANG_WARN_BOOL_CONVERSION = YES;
				CLANG_WARN_CONSTANT_CONVERSION = YES;
				CLANG_WARN_DIRECT_OBJC_ISA_USAGE = YES_ERROR;
				CLANG_WARN_EMPTY_BODY = YES;
				CLANG_WARN_ENUM_CONVERSION = YES;
				CLANG_WARN_INT_CONVERSION = YES;
				CLANG_WARN_OBJC_ROOT_CLASS = YES_ERROR;
				CLANG_WARN_UNREACHABLE_CODE = YES;
				CLANG_WARN__DUPLICATE_METHOD_MATCH = YES;
				"CODE_SIGN_IDENTITY[sdk=iphoneos*]" = "iPhone Developer";
				COPY_PHASE_STRIP = NO;
				DEBUG_INFORMATION_FORMAT = "dwarf-with-dsym";
				ENABLE_NS_ASSERTIONS = NO;
				ENABLE_STRICT_OBJC_MSGSEND = YES;
				GCC_C_LANGUAGE_STANDARD = gnu99;
				GCC_NO_COMMON_BLOCKS = YES;
				GCC_WARN_64_TO_32_BIT_CONVERSION = YES;
				GCC_WARN_ABOUT_RETURN_TYPE = YES_ERROR;
				GCC_WARN_UNDECLARED_SELECTOR = YES;
				GCC_WARN_UNINITIALIZED_AUTOS = YES_AGGRESSIVE;
				GCC_WARN_UNUSED_FUNCTION = YES;
				GCC_WARN_UNUSED_VARIABLE = YES;
				IPHONEOS_DEPLOYMENT_TARGET = 9.0;
				MTL_ENABLE_DEBUG_INFO = NO;
				SDKROOT = iphoneos;
				TARGETED_DEVICE_FAMILY = "1,2";
				VALIDATE_PRODUCT = YES;
			};
			name = Release;
		};
		3FE001251C10BD50005B48E7 /* Debug */ = {
			isa = XCBuildConfiguration;
			buildSettings = {
				ASSETCATALOG_COMPILER_APPICON_NAME = AppIcon;
				INFOPLIST_FILE = Final/Info.plist;
				LD_RUNPATH_SEARCH_PATHS = "$(inherited) @executable_path/Frameworks";
				PRODUCT_BUNDLE_IDENTIFIER = barrington.Final;
				PRODUCT_NAME = "$(TARGET_NAME)";
			};
			name = Debug;
		};
		3FE001261C10BD50005B48E7 /* Release */ = {
			isa = XCBuildConfiguration;
			buildSettings = {
				ASSETCATALOG_COMPILER_APPICON_NAME = AppIcon;
				INFOPLIST_FILE = Final/Info.plist;
				LD_RUNPATH_SEARCH_PATHS = "$(inherited) @executable_path/Frameworks";
				PRODUCT_BUNDLE_IDENTIFIER = barrington.Final;
				PRODUCT_NAME = "$(TARGET_NAME)";
			};
			name = Release;
		};
		3FE001281C10BD50005B48E7 /* Debug */ = {
			isa = XCBuildConfiguration;
			buildSettings = {
				BUNDLE_LOADER = "$(TEST_HOST)";
				INFOPLIST_FILE = FinalTests/Info.plist;
				LD_RUNPATH_SEARCH_PATHS = "$(inherited) @executable_path/Frameworks @loader_path/Frameworks";
				PRODUCT_BUNDLE_IDENTIFIER = barrington.FinalTests;
				PRODUCT_NAME = "$(TARGET_NAME)";
				TEST_HOST = "$(BUILT_PRODUCTS_DIR)/Final.app/Final";
			};
			name = Debug;
		};
		3FE001291C10BD50005B48E7 /* Release */ = {
			isa = XCBuildConfiguration;
			buildSettings = {
				BUNDLE_LOADER = "$(TEST_HOST)";
				INFOPLIST_FILE = FinalTests/Info.plist;
				LD_RUNPATH_SEARCH_PATHS = "$(inherited) @executable_path/Frameworks @loader_path/Frameworks";
				PRODUCT_BUNDLE_IDENTIFIER = barrington.FinalTests;
				PRODUCT_NAME = "$(TARGET_NAME)";
				TEST_HOST = "$(BUILT_PRODUCTS_DIR)/Final.app/Final";
			};
			name = Release;
		};
		3FE0012B1C10BD50005B48E7 /* Debug */ = {
			isa = XCBuildConfiguration;
			buildSettings = {
				INFOPLIST_FILE = FinalUITests/Info.plist;
				LD_RUNPATH_SEARCH_PATHS = "$(inherited) @executable_path/Frameworks @loader_path/Frameworks";
				PRODUCT_BUNDLE_IDENTIFIER = barrington.FinalUITests;
				PRODUCT_NAME = "$(TARGET_NAME)";
				TEST_TARGET_NAME = Final;
				USES_XCTRUNNER = YES;
			};
			name = Debug;
		};
		3FE0012C1C10BD50005B48E7 /* Release */ = {
			isa = XCBuildConfiguration;
			buildSettings = {
				INFOPLIST_FILE = FinalUITests/Info.plist;
				LD_RUNPATH_SEARCH_PATHS = "$(inherited) @executable_path/Frameworks @loader_path/Frameworks";
				PRODUCT_BUNDLE_IDENTIFIER = barrington.FinalUITests;
				PRODUCT_NAME = "$(TARGET_NAME)";
				TEST_TARGET_NAME = Final;
				USES_XCTRUNNER = YES;
			};
			name = Release;
		};
/* End XCBuildConfiguration section */

/* Begin XCConfigurationList section */
		3FE000F71C10BD4F005B48E7 /* Build configuration list for PBXProject "Final" */ = {
			isa = XCConfigurationList;
			buildConfigurations = (
				3FE001221C10BD50005B48E7 /* Debug */,
				3FE001231C10BD50005B48E7 /* Release */,
			);
			defaultConfigurationIsVisible = 0;
			defaultConfigurationName = Release;
		};
		3FE001241C10BD50005B48E7 /* Build configuration list for PBXNativeTarget "Final" */ = {
			isa = XCConfigurationList;
			buildConfigurations = (
				3FE001251C10BD50005B48E7 /* Debug */,
				3FE001261C10BD50005B48E7 /* Release */,
			);
			defaultConfigurationIsVisible = 0;
		};
		3FE001271C10BD50005B48E7 /* Build configuration list for PBXNativeTarget "FinalTests" */ = {
			isa = XCConfigurationList;
			buildConfigurations = (
				3FE001281C10BD50005B48E7 /* Debug */,
				3FE001291C10BD50005B48E7 /* Release */,
			);
			defaultConfigurationIsVisible = 0;
		};
		3FE0012A1C10BD50005B48E7 /* Build configuration list for PBXNativeTarget "FinalUITests" */ = {
			isa = XCConfigurationList;
			buildConfigurations = (
				3FE0012B1C10BD50005B48E7 /* Debug */,
				3FE0012C1C10BD50005B48E7 /* Release */,
			);
			defaultConfigurationIsVisible = 0;
		};
/* End XCConfigurationList section */
	};
	rootObject = 3FE000F41C10BD4F005B48E7 /* Project object */;
}
